
Microsoft Visual Studio Solution File, Format Version 12.00
# Visual Studio Version 17
VisualStudioVersion = 17.3.32825.248
MinimumVisualStudioVersion = 10.0.40219.1
Project("{FAE04EC0-301F-11D3-BF4B-00C04F79EFBC}") = "LezioneExpressEF", "LezioneExpressEF\LezioneExpressEF.csproj", "{50000962-E255-4B95-A5BA-42F3B74B8AF9}"
EndProject
Global
	GlobalSection(SolutionConfigurationPlatforms) = preSolution
		Debug|Any CPU = Debug|Any CPU
		Release|Any CPU = Release|Any CPU
	EndGlobalSection
	GlobalSection(ProjectConfigurationPlatforms) = postSolution
		{50000962-E255-4B95-A5BA-42F3B74B8AF9}.Debug|Any CPU.ActiveCfg = Debug|Any CPU
		{50000962-E255-4B95-A5BA-42F3B74B8AF9}.Debug|Any CPU.Build.0 = Debug|Any CPU
		{50000962-E255-4B95-A5BA-42F3B74B8AF9}.Release|Any CPU.ActiveCfg = Release|Any CPU
		{50000962-E255-4B95-A5BA-42F3B74B8AF9}.Release|Any CPU.Build.0 = Release|Any CPU
	EndGlobalSection
	GlobalSection(SolutionProperties) = preSolution
		HideSolutionNode = FALSE
	EndGlobalSection
	GlobalSection(ExtensibilityGlobals) = postSolution
		SolutionGuid = {5E2C761D-DF8A-4C7C-8442-DDA6AE2A1216}
	EndGlobalSection
EndGlobal
